PODS:
  - AFNetworking (3.1.0):
    - AFNetworking/NSURLSession (= 3.1.0)
    - AFNetworking/Reachability (= 3.1.0)
    - AFNetworking/Security (= 3.1.0)
    - AFNetworking/Serialization (= 3.1.0)
    - AFNetworking/UIKit (= 3.1.0)
  - AFNetworking/NSURLSession (3.1.0):
    - AFNetworking/Reachability
    - AFNetworking/Security
    - AFNetworking/Serialization
  - AFNetworking/Reachability (3.1.0)
  - AFNetworking/Security (3.1.0)
  - AFNetworking/Serialization (3.1.0)
  - AFNetworking/UIKit (3.1.0):
    - AFNetworking/NSURLSession
  - JSPatchPlatform (1.6.2):
    - JSPatchPlatform/Core (= 1.6.2)
  - JSPatchPlatform/Core (1.6.2)
  - MJRefresh (3.1.12)
  - Ono (1.2.2)

DEPENDENCIES:
  - AFNetworking (~> 3.1.0)
  - JSPatchPlatform (~> 1.6.2)
  - MJRefresh (~> 3.1.12)
  - Ono (~> 1.2.2)

SPEC CHECKSUMS:
  AFNetworking: 5e0e199f73d8626b11e79750991f5d173d1f8b67
  JSPatchPlatform: 105e331f1b899a397d2bc0300a9ace9f9d7b8f08
  MJRefresh: b96cdb21c4aa75a7b07654311ab2f315c497e806
  Ono: 80b1c686777d3f6d5d5ce6fcac8a74afef4ca197

PODFILE CHECKSUM: 1927a13ae5c82baeccb3f8d586b4c5b1208f1f59

COCOAPODS: 1.1.0.rc.2
